
Microsoft Visual Studio Solution File, Format Version 12.00
# Visual Studio Version 16
VisualStudioVersion = 16.0.31613.86
MinimumVisualStudioVersion = 10.0.40219.1
Project("{FAE04EC0-301F-11D3-BF4B-00C04F79EFBC}") = "deliveryFoodAPI", "deliveryFoodAPI.csproj", "{7ED99C4E-6AA4-47A5-A184-906F3798A468}"
EndProject
Global
	GlobalSection(SolutionConfigurationPlatforms) = preSolution
		Debug|Any CPU = Debug|Any CPU
		Release|Any CPU = Release|Any CPU
	EndGlobalSection
	GlobalSection(ProjectConfigurationPlatforms) = postSolution
		{7ED99C4E-6AA4-47A5-A184-906F3798A468}.Debug|Any CPU.ActiveCfg = Debug|Any CPU
		{7ED99C4E-6AA4-47A5-A184-906F3798A468}.Debug|Any CPU.Build.0 = Debug|Any CPU
		{7ED99C4E-6AA4-47A5-A184-906F3798A468}.Release|Any CPU.ActiveCfg = Release|Any CPU
		{7ED99C4E-6AA4-47A5-A184-906F3798A468}.Release|Any CPU.Build.0 = Release|Any CPU
	EndGlobalSection
	GlobalSection(SolutionProperties) = preSolution
		HideSolutionNode = FALSE
	EndGlobalSection
	GlobalSection(ExtensibilityGlobals) = postSolution
		SolutionGuid = {98248AC5-8663-4162-8CA0-65F3DBDC0943}
	EndGlobalSection
EndGlobal
